
Microsoft Visual Studio Solution File, Format Version 12.00
Project("{2150E333-8FDC-42A3-9474-1A3956D46DE8}") = "src", "src", "{827E0CD3-B72D-47B6-A68D-7590B98EB39B}"
EndProject
Project("{FAE04EC0-301F-11D3-BF4B-00C04F79EFBC}") = "ChristianLibrary.API", "src\ChristianLibrary.API\ChristianLibrary.API.csproj", "{C49A7BD5-CDEF-4DBC-8E69-0D8562F9487C}"
EndProject
Project("{FAE04EC0-301F-11D3-BF4B-00C04F79EFBC}") = "ChristianLibrary.Domain", "src\ChristianLibrary.Domain\ChristianLibrary.Domain.csproj", "{EAF08B0D-EAEB-4101-AA76-825472722118}"
EndProject
Project("{FAE04EC0-301F-11D3-BF4B-00C04F79EFBC}") = "ChristianLibrary.Data", "src\ChristianLibrary.Data\ChristianLibrary.Data.csproj", "{089DAC70-99B0-41F8-A712-7A58A9CDE320}"
EndProject
Project("{FAE04EC0-301F-11D3-BF4B-00C04F79EFBC}") = "ChristianLibrary.Services", "src\ChristianLibrary.Services\ChristianLibrary.Services.csproj", "{1067AD52-0677-4FEF-8184-759CEFC53C57}"
EndProject
Project("{FAE04EC0-301F-11D3-BF4B-00C04F79EFBC}") = "ChristianLibrary.Common", "src\ChristianLibrary.Common\ChristianLibrary.Common.csproj", "{545F2AC9-5887-4905-B11E-081EB925D1E5}"
EndProject
Global
	GlobalSection(SolutionConfigurationPlatforms) = preSolution
		Debug|Any CPU = Debug|Any CPU
		Debug|x64 = Debug|x64
		Debug|x86 = Debug|x86
		Release|Any CPU = Release|Any CPU
		Release|x64 = Release|x64
		Release|x86 = Release|x86
	EndGlobalSection
	GlobalSection(ProjectConfigurationPlatforms) = postSolution
		{C49A7BD5-CDEF-4DBC-8E69-0D8562F9487C}.Debug|Any CPU.ActiveCfg = Debug|Any CPU
		{C49A7BD5-CDEF-4DBC-8E69-0D8562F9487C}.Debug|Any CPU.Build.0 = Debug|Any CPU
		{C49A7BD5-CDEF-4DBC-8E69-0D8562F9487C}.Debug|x64.ActiveCfg = Debug|Any CPU
		{C49A7BD5-CDEF-4DBC-8E69-0D8562F9487C}.Debug|x64.Build.0 = Debug|Any CPU
		{C49A7BD5-CDEF-4DBC-8E69-0D8562F9487C}.Debug|x86.ActiveCfg = Debug|Any CPU
		{C49A7BD5-CDEF-4DBC-8E69-0D8562F9487C}.Debug|x86.Build.0 = Debug|Any CPU
		{C49A7BD5-CDEF-4DBC-8E69-0D8562F9487C}.Release|Any CPU.ActiveCfg = Release|Any CPU
		{C49A7BD5-CDEF-4DBC-8E69-0D8562F9487C}.Release|Any CPU.Build.0 = Release|Any CPU
		{C49A7BD5-CDEF-4DBC-8E69-0D8562F9487C}.Release|x64.ActiveCfg = Release|Any CPU
		{C49A7BD5-CDEF-4DBC-8E69-0D8562F9487C}.Release|x64.Build.0 = Release|Any CPU
		{C49A7BD5-CDEF-4DBC-8E69-0D8562F9487C}.Release|x86.ActiveCfg = Release|Any CPU
		{C49A7BD5-CDEF-4DBC-8E69-0D8562F9487C}.Release|x86.Build.0 = Release|Any CPU
		{EAF08B0D-EAEB-4101-AA76-825472722118}.Debug|Any CPU.ActiveCfg = Debug|Any CPU
		{EAF08B0D-EAEB-4101-AA76-825472722118}.Debug|Any CPU.Build.0 = Debug|Any CPU
		{EAF08B0D-EAEB-4101-AA76-825472722118}.Debug|x64.ActiveCfg = Debug|Any CPU
		{EAF08B0D-EAEB-4101-AA76-825472722118}.Debug|x64.Build.0 = Debug|Any CPU
		{EAF08B0D-EAEB-4101-AA76-825472722118}.Debug|x86.ActiveCfg = Debug|Any CPU
		{EAF08B0D-EAEB-4101-AA76-825472722118}.Debug|x86.Build.0 = Debug|Any CPU
		{EAF08B0D-EAEB-4101-AA76-825472722118}.Release|Any CPU.ActiveCfg = Release|Any CPU
		{EAF08B0D-EAEB-4101-AA76-825472722118}.Release|Any CPU.Build.0 = Release|Any CPU
		{EAF08B0D-EAEB-4101-AA76-825472722118}.Release|x64.ActiveCfg = Release|Any CPU
		{EAF08B0D-EAEB-4101-AA76-825472722118}.Release|x64.Build.0 = Release|Any CPU
		{EAF08B0D-EAEB-4101-AA76-825472722118}.Release|x86.ActiveCfg = Release|Any CPU
		{EAF08B0D-EAEB-4101-AA76-825472722118}.Release|x86.Build.0 = Release|Any CPU
		{089DAC70-99B0-41F8-A712-7A58A9CDE320}.Debug|Any CPU.ActiveCfg = Debug|Any CPU
		{089DAC70-99B0-41F8-A712-7A58A9CDE320}.Debug|Any CPU.Build.0 = Debug|Any CPU
		{089DAC70-99B0-41F8-A712-7A58A9CDE320}.Debug|x64.ActiveCfg = Debug|Any CPU
		{089DAC70-99B0-41F8-A712-7A58A9CDE320}.Debug|x64.Build.0 = Debug|Any CPU
		{089DAC70-99B0-41F8-A712-7A58A9CDE320}.Debug|x86.ActiveCfg = Debug|Any CPU
		{089DAC70-99B0-41F8-A712-7A58A9CDE320}.Debug|x86.Build.0 = Debug|Any CPU
		{089DAC70-99B0-41F8-A712-7A58A9CDE320}.Release|Any CPU.ActiveCfg = Release|Any CPU
		{089DAC70-99B0-41F8-A712-7A58A9CDE320}.Release|Any CPU.Build.0 = Release|Any CPU
		{089DAC70-99B0-41F8-A712-7A58A9CDE320}.Release|x64.ActiveCfg = Release|Any CPU
		{089DAC70-99B0-41F8-A712-7A58A9CDE320}.Release|x64.Build.0 = Release|Any CPU
		{089DAC70-99B0-41F8-A712-7A58A9CDE320}.Release|x86.ActiveCfg = Release|Any CPU
		{089DAC70-99B0-41F8-A712-7A58A9CDE320}.Release|x86.Build.0 = Release|Any CPU
		{1067AD52-0677-4FEF-8184-759CEFC53C57}.Debug|Any CPU.ActiveCfg = Debug|Any CPU
		{1067AD52-0677-4FEF-8184-759CEFC53C57}.Debug|Any CPU.Build.0 = Debug|Any CPU
		{1067AD52-0677-4FEF-8184-759CEFC53C57}.Debug|x64.ActiveCfg = Debug|Any CPU
		{1067AD52-0677-4FEF-8184-759CEFC53C57}.Debug|x64.Build.0 = Debug|Any CPU
		{1067AD52-0677-4FEF-8184-759CEFC53C57}.Debug|x86.ActiveCfg = Debug|Any CPU
		{1067AD52-0677-4FEF-8184-759CEFC53C57}.Debug|x86.Build.0 = Debug|Any CPU
		{1067AD52-0677-4FEF-8184-759CEFC53C57}.Release|Any CPU.ActiveCfg = Release|Any CPU
		{1067AD52-0677-4FEF-8184-759CEFC53C57}.Release|Any CPU.Build.0 = Release|Any CPU
		{1067AD52-0677-4FEF-8184-759CEFC53C57}.Release|x64.ActiveCfg = Release|Any CPU
		{1067AD52-0677-4FEF-8184-759CEFC53C57}.Release|x64.Build.0 = Release|Any CPU
		{1067AD52-0677-4FEF-8184-759CEFC53C57}.Release|x86.ActiveCfg = Release|Any CPU
		{1067AD52-0677-4FEF-8184-759CEFC53C57}.Release|x86.Build.0 = Release|Any CPU
		{545F2AC9-5887-4905-B11E-081EB925D1E5}.Debug|Any CPU.ActiveCfg = Debug|Any CPU
		{545F2AC9-5887-4905-B11E-081EB925D1E5}.Debug|Any CPU.Build.0 = Debug|Any CPU
		{545F2AC9-5887-4905-B11E-081EB925D1E5}.Debug|x64.ActiveCfg = Debug|Any CPU
		{545F2AC9-5887-4905-B11E-081EB925D1E5}.Debug|x64.Build.0 = Debug|Any CPU
		{545F2AC9-5887-4905-B11E-081EB925D1E5}.Debug|x86.ActiveCfg = Debug|Any CPU
		{545F2AC9-5887-4905-B11E-081EB925D1E5}.Debug|x86.Build.0 = Debug|Any CPU
		{545F2AC9-5887-4905-B11E-081EB925D1E5}.Release|Any CPU.ActiveCfg = Release|Any CPU
		{545F2AC9-5887-4905-B11E-081EB925D1E5}.Release|Any CPU.Build.0 = Release|Any CPU
		{545F2AC9-5887-4905-B11E-081EB925D1E5}.Release|x64.ActiveCfg = Release|Any CPU
		{545F2AC9-5887-4905-B11E-081EB925D1E5}.Release|x64.Build.0 = Release|Any CPU
		{545F2AC9-5887-4905-B11E-081EB925D1E5}.Release|x86.ActiveCfg = Release|Any CPU
		{545F2AC9-5887-4905-B11E-081EB925D1E5}.Release|x86.Build.0 = Release|Any CPU
	EndGlobalSection
	GlobalSection(SolutionProperties) = preSolution
		HideSolutionNode = FALSE
	EndGlobalSection
	GlobalSection(NestedProjects) = preSolution
		{C49A7BD5-CDEF-4DBC-8E69-0D8562F9487C} = {827E0CD3-B72D-47B6-A68D-7590B98EB39B}
		{EAF08B0D-EAEB-4101-AA76-825472722118} = {827E0CD3-B72D-47B6-A68D-7590B98EB39B}
		{089DAC70-99B0-41F8-A712-7A58A9CDE320} = {827E0CD3-B72D-47B6-A68D-7590B98EB39B}
		{1067AD52-0677-4FEF-8184-759CEFC53C57} = {827E0CD3-B72D-47B6-A68D-7590B98EB39B}
		{545F2AC9-5887-4905-B11E-081EB925D1E5} = {827E0CD3-B72D-47B6-A68D-7590B98EB39B}
	EndGlobalSection
EndGlobal
