
Microsoft Visual Studio Solution File, Format Version 12.00
# Visual Studio Version 17
VisualStudioVersion = 17.0.31903.59
MinimumVisualStudioVersion = 10.0.40219.1
Project("{2150E333-8FDC-42A3-9474-1A3956D46DE8}") = "src", "src", "{827E0CD3-B72D-47B6-A68D-7590B98EB39B}"
EndProject
Project("{FAE04EC0-301F-11D3-BF4B-00C04F79EFBC}") = "ChristianLibrary.Domain", "src\ChristianLibrary.Domain\ChristianLibrary.Domain.csproj", "{79DD1911-DB98-4FF0-B76B-18254F02BBDA}"
EndProject
Project("{FAE04EC0-301F-11D3-BF4B-00C04F79EFBC}") = "ChristianLibrary.Data", "src\ChristianLibrary.Data\ChristianLibrary.Data.csproj", "{5701100D-A440-4070-A4F0-33F769125310}"
EndProject
Project("{FAE04EC0-301F-11D3-BF4B-00C04F79EFBC}") = "ChristianLibrary.Services", "src\ChristianLibrary.Services\ChristianLibrary.Services.csproj", "{2A7DDE34-7801-460A-BB03-DE77C517B9CB}"
EndProject
Project("{FAE04EC0-301F-11D3-BF4B-00C04F79EFBC}") = "ChristianLibrary.API", "src\ChristianLibrary.API\ChristianLibrary.API.csproj", "{1C29DF95-66EB-4777-A2EB-80578B650F75}"
EndProject
Project("{FAE04EC0-301F-11D3-BF4B-00C04F79EFBC}") = "ChristianLibrary.Web", "src\ChristianLibrary.Web\ChristianLibrary.Web.csproj", "{E6ECADF8-7DEB-4FD7-B09F-B5EC148EF4A2}"
EndProject
Project("{FAE04EC0-301F-11D3-BF4B-00C04F79EFBC}") = "ChristianLibrary.Common", "src\ChristianLibrary.Common\ChristianLibrary.Common.csproj", "{28603470-8DF0-4BA2-8D83-CD597E460C3C}"
EndProject
Project("{2150E333-8FDC-42A3-9474-1A3956D46DE8}") = "tests", "tests", "{0AB3BF05-4346-4AA6-1389-037BE0695223}"
EndProject
Project("{FAE04EC0-301F-11D3-BF4B-00C04F79EFBC}") = "ChristianLibrary.UnitTests", "tests\ChristianLibrary.UnitTests\ChristianLibrary.UnitTests.csproj", "{4C5C7005-DE66-4248-BDF1-9143A0294582}"
EndProject
Project("{FAE04EC0-301F-11D3-BF4B-00C04F79EFBC}") = "ChristianLibrary.IntegrationTests", "tests\ChristianLibrary.IntegrationTests\ChristianLibrary.IntegrationTests.csproj", "{859ACEE2-42A2-476A-8B16-6401B1ADACB4}"
EndProject
Project("{FAE04EC0-301F-11D3-BF4B-00C04F79EFBC}") = "ChristianLibrary.E2ETests", "tests\ChristianLibrary.E2ETests\ChristianLibrary.E2ETests.csproj", "{2E00F3EA-D7B4-462D-8170-2BDE6F93A8D4}"
EndProject
Project("{FAE04EC0-301F-11D3-BF4B-00C04F79EFBC}") = "ChristianLibrary.Notifications", "src\ChristianLibrary.Notifications\ChristianLibrary.Notifications.csproj", "{3CF3E307-8907-4AF1-BA75-5DE519CE8037}"
EndProject
Global
	GlobalSection(SolutionConfigurationPlatforms) = preSolution
		Debug|Any CPU = Debug|Any CPU
		Debug|x64 = Debug|x64
		Debug|x86 = Debug|x86
		Release|Any CPU = Release|Any CPU
		Release|x64 = Release|x64
		Release|x86 = Release|x86
	EndGlobalSection
	GlobalSection(ProjectConfigurationPlatforms) = postSolution
		{79DD1911-DB98-4FF0-B76B-18254F02BBDA}.Debug|Any CPU.ActiveCfg = Debug|Any CPU
		{79DD1911-DB98-4FF0-B76B-18254F02BBDA}.Debug|Any CPU.Build.0 = Debug|Any CPU
		{79DD1911-DB98-4FF0-B76B-18254F02BBDA}.Debug|x64.ActiveCfg = Debug|Any CPU
		{79DD1911-DB98-4FF0-B76B-18254F02BBDA}.Debug|x64.Build.0 = Debug|Any CPU
		{79DD1911-DB98-4FF0-B76B-18254F02BBDA}.Debug|x86.ActiveCfg = Debug|Any CPU
		{79DD1911-DB98-4FF0-B76B-18254F02BBDA}.Debug|x86.Build.0 = Debug|Any CPU
		{79DD1911-DB98-4FF0-B76B-18254F02BBDA}.Release|Any CPU.ActiveCfg = Release|Any CPU
		{79DD1911-DB98-4FF0-B76B-18254F02BBDA}.Release|Any CPU.Build.0 = Release|Any CPU
		{79DD1911-DB98-4FF0-B76B-18254F02BBDA}.Release|x64.ActiveCfg = Release|Any CPU
		{79DD1911-DB98-4FF0-B76B-18254F02BBDA}.Release|x64.Build.0 = Release|Any CPU
		{79DD1911-DB98-4FF0-B76B-18254F02BBDA}.Release|x86.ActiveCfg = Release|Any CPU
		{79DD1911-DB98-4FF0-B76B-18254F02BBDA}.Release|x86.Build.0 = Release|Any CPU
		{5701100D-A440-4070-A4F0-33F769125310}.Debug|Any CPU.ActiveCfg = Debug|Any CPU
		{5701100D-A440-4070-A4F0-33F769125310}.Debug|Any CPU.Build.0 = Debug|Any CPU
		{5701100D-A440-4070-A4F0-33F769125310}.Debug|x64.ActiveCfg = Debug|Any CPU
		{5701100D-A440-4070-A4F0-33F769125310}.Debug|x64.Build.0 = Debug|Any CPU
		{5701100D-A440-4070-A4F0-33F769125310}.Debug|x86.ActiveCfg = Debug|Any CPU
		{5701100D-A440-4070-A4F0-33F769125310}.Debug|x86.Build.0 = Debug|Any CPU
		{5701100D-A440-4070-A4F0-33F769125310}.Release|Any CPU.ActiveCfg = Release|Any CPU
		{5701100D-A440-4070-A4F0-33F769125310}.Release|Any CPU.Build.0 = Release|Any CPU
		{5701100D-A440-4070-A4F0-33F769125310}.Release|x64.ActiveCfg = Release|Any CPU
		{5701100D-A440-4070-A4F0-33F769125310}.Release|x64.Build.0 = Release|Any CPU
		{5701100D-A440-4070-A4F0-33F769125310}.Release|x86.ActiveCfg = Release|Any CPU
		{5701100D-A440-4070-A4F0-33F769125310}.Release|x86.Build.0 = Release|Any CPU
		{2A7DDE34-7801-460A-BB03-DE77C517B9CB}.Debug|Any CPU.ActiveCfg = Debug|Any CPU
		{2A7DDE34-7801-460A-BB03-DE77C517B9CB}.Debug|Any CPU.Build.0 = Debug|Any CPU
		{2A7DDE34-7801-460A-BB03-DE77C517B9CB}.Debug|x64.ActiveCfg = Debug|Any CPU
		{2A7DDE34-7801-460A-BB03-DE77C517B9CB}.Debug|x64.Build.0 = Debug|Any CPU
		{2A7DDE34-7801-460A-BB03-DE77C517B9CB}.Debug|x86.ActiveCfg = Debug|Any CPU
		{2A7DDE34-7801-460A-BB03-DE77C517B9CB}.Debug|x86.Build.0 = Debug|Any CPU
		{2A7DDE34-7801-460A-BB03-DE77C517B9CB}.Release|Any CPU.ActiveCfg = Release|Any CPU
		{2A7DDE34-7801-460A-BB03-DE77C517B9CB}.Release|Any CPU.Build.0 = Release|Any CPU
		{2A7DDE34-7801-460A-BB03-DE77C517B9CB}.Release|x64.ActiveCfg = Release|Any CPU
		{2A7DDE34-7801-460A-BB03-DE77C517B9CB}.Release|x64.Build.0 = Release|Any CPU
		{2A7DDE34-7801-460A-BB03-DE77C517B9CB}.Release|x86.ActiveCfg = Release|Any CPU
		{2A7DDE34-7801-460A-BB03-DE77C517B9CB}.Release|x86.Build.0 = Release|Any CPU
		{1C29DF95-66EB-4777-A2EB-80578B650F75}.Debug|Any CPU.ActiveCfg = Debug|Any CPU
		{1C29DF95-66EB-4777-A2EB-80578B650F75}.Debug|Any CPU.Build.0 = Debug|Any CPU
		{1C29DF95-66EB-4777-A2EB-80578B650F75}.Debug|x64.ActiveCfg = Debug|Any CPU
		{1C29DF95-66EB-4777-A2EB-80578B650F75}.Debug|x64.Build.0 = Debug|Any CPU
		{1C29DF95-66EB-4777-A2EB-80578B650F75}.Debug|x86.ActiveCfg = Debug|Any CPU
		{1C29DF95-66EB-4777-A2EB-80578B650F75}.Debug|x86.Build.0 = Debug|Any CPU
		{1C29DF95-66EB-4777-A2EB-80578B650F75}.Release|Any CPU.ActiveCfg = Release|Any CPU
		{1C29DF95-66EB-4777-A2EB-80578B650F75}.Release|Any CPU.Build.0 = Release|Any CPU
		{1C29DF95-66EB-4777-A2EB-80578B650F75}.Release|x64.ActiveCfg = Release|Any CPU
		{1C29DF95-66EB-4777-A2EB-80578B650F75}.Release|x64.Build.0 = Release|Any CPU
		{1C29DF95-66EB-4777-A2EB-80578B650F75}.Release|x86.ActiveCfg = Release|Any CPU
		{1C29DF95-66EB-4777-A2EB-80578B650F75}.Release|x86.Build.0 = Release|Any CPU
		{E6ECADF8-7DEB-4FD7-B09F-B5EC148EF4A2}.Debug|Any CPU.ActiveCfg = Debug|Any CPU
		{E6ECADF8-7DEB-4FD7-B09F-B5EC148EF4A2}.Debug|Any CPU.Build.0 = Debug|Any CPU
		{E6ECADF8-7DEB-4FD7-B09F-B5EC148EF4A2}.Debug|x64.ActiveCfg = Debug|Any CPU
		{E6ECADF8-7DEB-4FD7-B09F-B5EC148EF4A2}.Debug|x64.Build.0 = Debug|Any CPU
		{E6ECADF8-7DEB-4FD7-B09F-B5EC148EF4A2}.Debug|x86.ActiveCfg = Debug|Any CPU
		{E6ECADF8-7DEB-4FD7-B09F-B5EC148EF4A2}.Debug|x86.Build.0 = Debug|Any CPU
		{E6ECADF8-7DEB-4FD7-B09F-B5EC148EF4A2}.Release|Any CPU.ActiveCfg = Release|Any CPU
		{E6ECADF8-7DEB-4FD7-B09F-B5EC148EF4A2}.Release|Any CPU.Build.0 = Release|Any CPU
		{E6ECADF8-7DEB-4FD7-B09F-B5EC148EF4A2}.Release|x64.ActiveCfg = Release|Any CPU
		{E6ECADF8-7DEB-4FD7-B09F-B5EC148EF4A2}.Release|x64.Build.0 = Release|Any CPU
		{E6ECADF8-7DEB-4FD7-B09F-B5EC148EF4A2}.Release|x86.ActiveCfg = Release|Any CPU
		{E6ECADF8-7DEB-4FD7-B09F-B5EC148EF4A2}.Release|x86.Build.0 = Release|Any CPU
		{28603470-8DF0-4BA2-8D83-CD597E460C3C}.Debug|Any CPU.ActiveCfg = Debug|Any CPU
		{28603470-8DF0-4BA2-8D83-CD597E460C3C}.Debug|Any CPU.Build.0 = Debug|Any CPU
		{28603470-8DF0-4BA2-8D83-CD597E460C3C}.Debug|x64.ActiveCfg = Debug|Any CPU
		{28603470-8DF0-4BA2-8D83-CD597E460C3C}.Debug|x64.Build.0 = Debug|Any CPU
		{28603470-8DF0-4BA2-8D83-CD597E460C3C}.Debug|x86.ActiveCfg = Debug|Any CPU
		{28603470-8DF0-4BA2-8D83-CD597E460C3C}.Debug|x86.Build.0 = Debug|Any CPU
		{28603470-8DF0-4BA2-8D83-CD597E460C3C}.Release|Any CPU.ActiveCfg = Release|Any CPU
		{28603470-8DF0-4BA2-8D83-CD597E460C3C}.Release|Any CPU.Build.0 = Release|Any CPU
		{28603470-8DF0-4BA2-8D83-CD597E460C3C}.Release|x64.ActiveCfg = Release|Any CPU
		{28603470-8DF0-4BA2-8D83-CD597E460C3C}.Release|x64.Build.0 = Release|Any CPU
		{28603470-8DF0-4BA2-8D83-CD597E460C3C}.Release|x86.ActiveCfg = Release|Any CPU
		{28603470-8DF0-4BA2-8D83-CD597E460C3C}.Release|x86.Build.0 = Release|Any CPU
		{4C5C7005-DE66-4248-BDF1-9143A0294582}.Debug|Any CPU.ActiveCfg = Debug|Any CPU
		{4C5C7005-DE66-4248-BDF1-9143A0294582}.Debug|Any CPU.Build.0 = Debug|Any CPU
		{4C5C7005-DE66-4248-BDF1-9143A0294582}.Debug|x64.ActiveCfg = Debug|Any CPU
		{4C5C7005-DE66-4248-BDF1-9143A0294582}.Debug|x64.Build.0 = Debug|Any CPU
		{4C5C7005-DE66-4248-BDF1-9143A0294582}.Debug|x86.ActiveCfg = Debug|Any CPU
		{4C5C7005-DE66-4248-BDF1-9143A0294582}.Debug|x86.Build.0 = Debug|Any CPU
		{4C5C7005-DE66-4248-BDF1-9143A0294582}.Release|Any CPU.ActiveCfg = Release|Any CPU
		{4C5C7005-DE66-4248-BDF1-9143A0294582}.Release|Any CPU.Build.0 = Release|Any CPU
		{4C5C7005-DE66-4248-BDF1-9143A0294582}.Release|x64.ActiveCfg = Release|Any CPU
		{4C5C7005-DE66-4248-BDF1-9143A0294582}.Release|x64.Build.0 = Release|Any CPU
		{4C5C7005-DE66-4248-BDF1-9143A0294582}.Release|x86.ActiveCfg = Release|Any CPU
		{4C5C7005-DE66-4248-BDF1-9143A0294582}.Release|x86.Build.0 = Release|Any CPU
		{859ACEE2-42A2-476A-8B16-6401B1ADACB4}.Debug|Any CPU.ActiveCfg = Debug|Any CPU
		{859ACEE2-42A2-476A-8B16-6401B1ADACB4}.Debug|Any CPU.Build.0 = Debug|Any CPU
		{859ACEE2-42A2-476A-8B16-6401B1ADACB4}.Debug|x64.ActiveCfg = Debug|Any CPU
		{859ACEE2-42A2-476A-8B16-6401B1ADACB4}.Debug|x64.Build.0 = Debug|Any CPU
		{859ACEE2-42A2-476A-8B16-6401B1ADACB4}.Debug|x86.ActiveCfg = Debug|Any CPU
		{859ACEE2-42A2-476A-8B16-6401B1ADACB4}.Debug|x86.Build.0 = Debug|Any CPU
		{859ACEE2-42A2-476A-8B16-6401B1ADACB4}.Release|Any CPU.ActiveCfg = Release|Any CPU
		{859ACEE2-42A2-476A-8B16-6401B1ADACB4}.Release|Any CPU.Build.0 = Release|Any CPU
		{859ACEE2-42A2-476A-8B16-6401B1ADACB4}.Release|x64.ActiveCfg = Release|Any CPU
		{859ACEE2-42A2-476A-8B16-6401B1ADACB4}.Release|x64.Build.0 = Release|Any CPU
		{859ACEE2-42A2-476A-8B16-6401B1ADACB4}.Release|x86.ActiveCfg = Release|Any CPU
		{859ACEE2-42A2-476A-8B16-6401B1ADACB4}.Release|x86.Build.0 = Release|Any CPU
		{2E00F3EA-D7B4-462D-8170-2BDE6F93A8D4}.Debug|Any CPU.ActiveCfg = Debug|Any CPU
		{2E00F3EA-D7B4-462D-8170-2BDE6F93A8D4}.Debug|Any CPU.Build.0 = Debug|Any CPU
		{2E00F3EA-D7B4-462D-8170-2BDE6F93A8D4}.Debug|x64.ActiveCfg = Debug|Any CPU
		{2E00F3EA-D7B4-462D-8170-2BDE6F93A8D4}.Debug|x64.Build.0 = Debug|Any CPU
		{2E00F3EA-D7B4-462D-8170-2BDE6F93A8D4}.Debug|x86.ActiveCfg = Debug|Any CPU
		{2E00F3EA-D7B4-462D-8170-2BDE6F93A8D4}.Debug|x86.Build.0 = Debug|Any CPU
		{2E00F3EA-D7B4-462D-8170-2BDE6F93A8D4}.Release|Any CPU.ActiveCfg = Release|Any CPU
		{2E00F3EA-D7B4-462D-8170-2BDE6F93A8D4}.Release|Any CPU.Build.0 = Release|Any CPU
		{2E00F3EA-D7B4-462D-8170-2BDE6F93A8D4}.Release|x64.ActiveCfg = Release|Any CPU
		{2E00F3EA-D7B4-462D-8170-2BDE6F93A8D4}.Release|x64.Build.0 = Release|Any CPU
		{2E00F3EA-D7B4-462D-8170-2BDE6F93A8D4}.Release|x86.ActiveCfg = Release|Any CPU
		{2E00F3EA-D7B4-462D-8170-2BDE6F93A8D4}.Release|x86.Build.0 = Release|Any CPU
		{3CF3E307-8907-4AF1-BA75-5DE519CE8037}.Debug|Any CPU.ActiveCfg = Debug|Any CPU
		{3CF3E307-8907-4AF1-BA75-5DE519CE8037}.Debug|Any CPU.Build.0 = Debug|Any CPU
		{3CF3E307-8907-4AF1-BA75-5DE519CE8037}.Debug|x64.ActiveCfg = Debug|Any CPU
		{3CF3E307-8907-4AF1-BA75-5DE519CE8037}.Debug|x64.Build.0 = Debug|Any CPU
		{3CF3E307-8907-4AF1-BA75-5DE519CE8037}.Debug|x86.ActiveCfg = Debug|Any CPU
		{3CF3E307-8907-4AF1-BA75-5DE519CE8037}.Debug|x86.Build.0 = Debug|Any CPU
		{3CF3E307-8907-4AF1-BA75-5DE519CE8037}.Release|Any CPU.ActiveCfg = Release|Any CPU
		{3CF3E307-8907-4AF1-BA75-5DE519CE8037}.Release|Any CPU.Build.0 = Release|Any CPU
		{3CF3E307-8907-4AF1-BA75-5DE519CE8037}.Release|x64.ActiveCfg = Release|Any CPU
		{3CF3E307-8907-4AF1-BA75-5DE519CE8037}.Release|x64.Build.0 = Release|Any CPU
		{3CF3E307-8907-4AF1-BA75-5DE519CE8037}.Release|x86.ActiveCfg = Release|Any CPU
		{3CF3E307-8907-4AF1-BA75-5DE519CE8037}.Release|x86.Build.0 = Release|Any CPU
	EndGlobalSection
	GlobalSection(SolutionProperties) = preSolution
		HideSolutionNode = FALSE
	EndGlobalSection
	GlobalSection(NestedProjects) = preSolution
		{79DD1911-DB98-4FF0-B76B-18254F02BBDA} = {827E0CD3-B72D-47B6-A68D-7590B98EB39B}
		{5701100D-A440-4070-A4F0-33F769125310} = {827E0CD3-B72D-47B6-A68D-7590B98EB39B}
		{2A7DDE34-7801-460A-BB03-DE77C517B9CB} = {827E0CD3-B72D-47B6-A68D-7590B98EB39B}
		{1C29DF95-66EB-4777-A2EB-80578B650F75} = {827E0CD3-B72D-47B6-A68D-7590B98EB39B}
		{E6ECADF8-7DEB-4FD7-B09F-B5EC148EF4A2} = {827E0CD3-B72D-47B6-A68D-7590B98EB39B}
		{28603470-8DF0-4BA2-8D83-CD597E460C3C} = {827E0CD3-B72D-47B6-A68D-7590B98EB39B}
		{4C5C7005-DE66-4248-BDF1-9143A0294582} = {0AB3BF05-4346-4AA6-1389-037BE0695223}
		{859ACEE2-42A2-476A-8B16-6401B1ADACB4} = {0AB3BF05-4346-4AA6-1389-037BE0695223}
		{2E00F3EA-D7B4-462D-8170-2BDE6F93A8D4} = {0AB3BF05-4346-4AA6-1389-037BE0695223}
		{3CF3E307-8907-4AF1-BA75-5DE519CE8037} = {827E0CD3-B72D-47B6-A68D-7590B98EB39B}
	EndGlobalSection
EndGlobal
